
Microsoft Visual Studio Solution File, Format Version 12.00
# Visual Studio Version 16
VisualStudioVersion = 16.0.30204.135
MinimumVisualStudioVersion = 10.0.40219.1
Project("{FAE04EC0-301F-11D3-BF4B-00C04F79EFBC}") = "Website", "Task1\Website.csproj", "{BEF07DE7-42A6-4DAF-9957-04EEC0A31B7A}"
EndProject
Global
	GlobalSection(SolutionConfigurationPlatforms) = preSolution
		Debug|Any CPU = Debug|Any CPU
		Release|Any CPU = Release|Any CPU
	EndGlobalSection
	GlobalSection(ProjectConfigurationPlatforms) = postSolution
		{BEF07DE7-42A6-4DAF-9957-04EEC0A31B7A}.Debug|Any CPU.ActiveCfg = Debug|Any CPU
		{BEF07DE7-42A6-4DAF-9957-04EEC0A31B7A}.Debug|Any CPU.Build.0 = Debug|Any CPU
		{BEF07DE7-42A6-4DAF-9957-04EEC0A31B7A}.Release|Any CPU.ActiveCfg = Release|Any CPU
		{BEF07DE7-42A6-4DAF-9957-04EEC0A31B7A}.Release|Any CPU.Build.0 = Release|Any CPU
	EndGlobalSection
	GlobalSection(SolutionProperties) = preSolution
		HideSolutionNode = FALSE
	EndGlobalSection
	GlobalSection(ExtensibilityGlobals) = postSolution
		SolutionGuid = {68F80CAC-82D0-4BE7-AB9C-B8D07A0A2ECD}
	EndGlobalSection
EndGlobal
